
Microsoft Visual Studio Solution File, Format Version 12.00
# Visual Studio Version 17
VisualStudioVersion = 17.0.32112.339
MinimumVisualStudioVersion = 10.0.40219.1
Project("{FAE04EC0-301F-11D3-BF4B-00C04F79EFBC}") = "Desafio 5", "Desafio 5.csproj", "{01419049-0613-4C73-B785-2BACD5F44D1B}"
EndProject
Global
	GlobalSection(SolutionConfigurationPlatforms) = preSolution
		Debug|Any CPU = Debug|Any CPU
		Release|Any CPU = Release|Any CPU
	EndGlobalSection
	GlobalSection(ProjectConfigurationPlatforms) = postSolution
		{01419049-0613-4C73-B785-2BACD5F44D1B}.Debug|Any CPU.ActiveCfg = Debug|Any CPU
		{01419049-0613-4C73-B785-2BACD5F44D1B}.Debug|Any CPU.Build.0 = Debug|Any CPU
		{01419049-0613-4C73-B785-2BACD5F44D1B}.Release|Any CPU.ActiveCfg = Release|Any CPU
		{01419049-0613-4C73-B785-2BACD5F44D1B}.Release|Any CPU.Build.0 = Release|Any CPU
	EndGlobalSection
	GlobalSection(SolutionProperties) = preSolution
		HideSolutionNode = FALSE
	EndGlobalSection
	GlobalSection(ExtensibilityGlobals) = postSolution
		SolutionGuid = {CEF25018-2AE1-40AC-8E20-68B3BB9AA736}
	EndGlobalSection
EndGlobal
